
Microsoft Visual Studio Solution File, Format Version 12.00
# Visual Studio Version 17
VisualStudioVersion = 17.8.34330.188
MinimumVisualStudioVersion = 10.0.40219.1
Project("{FAE04EC0-301F-11D3-BF4B-00C04F79EFBC}") = "1_2_4_Session", "1_2_4_Session\1_2_4_Session.csproj", "{ED235B6E-D97B-453C-8A57-F962ED1A1ADA}"
EndProject
Global
	GlobalSection(SolutionConfigurationPlatforms) = preSolution
		Debug|Any CPU = Debug|Any CPU
		Release|Any CPU = Release|Any CPU
	EndGlobalSection
	GlobalSection(ProjectConfigurationPlatforms) = postSolution
		{ED235B6E-D97B-453C-8A57-F962ED1A1ADA}.Debug|Any CPU.ActiveCfg = Debug|Any CPU
		{ED235B6E-D97B-453C-8A57-F962ED1A1ADA}.Debug|Any CPU.Build.0 = Debug|Any CPU
		{ED235B6E-D97B-453C-8A57-F962ED1A1ADA}.Release|Any CPU.ActiveCfg = Release|Any CPU
		{ED235B6E-D97B-453C-8A57-F962ED1A1ADA}.Release|Any CPU.Build.0 = Release|Any CPU
	EndGlobalSection
	GlobalSection(SolutionProperties) = preSolution
		HideSolutionNode = FALSE
	EndGlobalSection
	GlobalSection(ExtensibilityGlobals) = postSolution
		SolutionGuid = {63076124-A7E3-4533-91FE-4B181265A5FA}
	EndGlobalSection
EndGlobal
